
Microsoft Visual Studio Solution File, Format Version 12.00
# Visual Studio Version 17
VisualStudioVersion = 17.11.35219.272
MinimumVisualStudioVersion = 10.0.40219.1
Project("{FAE04EC0-301F-11D3-BF4B-00C04F79EFBC}") = "tareas", "tareas\tareas.csproj", "{772CC42D-C1FA-4672-9C2E-F6A79C5C9503}"
EndProject
Project("{2150E333-8FDC-42A3-9474-1A3956D46DE8}") = "Elementos de la solución", "Elementos de la solución", "{0BCBD852-23C6-4B64-A8D2-94B68B5547E0}"
EndProject
Global
	GlobalSection(SolutionConfigurationPlatforms) = preSolution
		Debug|Any CPU = Debug|Any CPU
		Release|Any CPU = Release|Any CPU
	EndGlobalSection
	GlobalSection(ProjectConfigurationPlatforms) = postSolution
		{772CC42D-C1FA-4672-9C2E-F6A79C5C9503}.Debug|Any CPU.ActiveCfg = Debug|Any CPU
		{772CC42D-C1FA-4672-9C2E-F6A79C5C9503}.Debug|Any CPU.Build.0 = Debug|Any CPU
		{772CC42D-C1FA-4672-9C2E-F6A79C5C9503}.Release|Any CPU.ActiveCfg = Release|Any CPU
		{772CC42D-C1FA-4672-9C2E-F6A79C5C9503}.Release|Any CPU.Build.0 = Release|Any CPU
	EndGlobalSection
	GlobalSection(SolutionProperties) = preSolution
		HideSolutionNode = FALSE
	EndGlobalSection
	GlobalSection(ExtensibilityGlobals) = postSolution
		SolutionGuid = {204A2137-4A73-400A-8EA8-479A3AB25DEA}
	EndGlobalSection
EndGlobal
